PODS:
  - DWTagList (0.0.7)
  - MRJ_QRCode (0.3.2.3):
    - MRJ_QRCode/Code (= 0.3.2.3)
  - MRJ_QRCode/Code (0.3.2.3)
  - MRJAttributedMarkup (0.1.3.3)
  - MRJCardShare (0.1.0):
    - MRJ_QRCode
    - MRJInputView
    - MRJRemarkTextView
    - SDWebImage
  - MRJInputView (0.1.1):
    - DWTagList
    - MRJAttributedMarkup
    - MRJTool
    - MRJUIColorAdditions
    - UIViewMRJFrame
  - MRJRemarkTextView (0.1.0):
    - MRJUIColorAdditions
    - UIViewMRJFrame
  - MRJTool (0.1.0)
  - MRJUIColorAdditions (0.1.0)
  - SDWebImage (4.3.3):
    - SDWebImage/Core (= 4.3.3)
  - SDWebImage/Core (4.3.3)
  - UIViewMRJFrame (0.1.1)

DEPENDENCIES:
  - MRJCardShare (from `../`)

EXTERNAL SOURCES:
  MRJCardShare:
    :path: ../

SPEC CHECKSUMS:
  DWTagList: cdf3607a7c37850a0c437d63c981f643dc5904bb
  MRJ_QRCode: 43f7acbf550e403a4775bbf217d057765e9263df
  MRJAttributedMarkup: f417ba28bd64c187e336525b7333fd0fd261439e
  MRJCardShare: 7600bffc80d4e17e90c07337298cde661709a293
  MRJInputView: b49353920ae04a86e6de39a096cc94cf3fc2dbea
  MRJRemarkTextView: 18bbcc5de8a0b0dfc5bb564f6665e08f22b9ba57
  MRJTool: cd084235d6437d06ca8cefffad8c93cf4be1f7cc
  MRJUIColorAdditions: a72dd04fb5d358f81fbd7eae8fc9da76b6f03590
  SDWebImage: de4d90b5bff3571eae7bd16202b1f43135409fa5
  UIViewMRJFrame: f6dd02664727ae342948b9a04e9e821b62b03e43

PODFILE CHECKSUM: 8fae2f5b44c27887a07803c167144ccca23c33ef

COCOAPODS: 1.3.1
